
Microsoft Visual Studio Solution File, Format Version 12.00
# Visual Studio Version 17
VisualStudioVersion = 17.7.34024.191
MinimumVisualStudioVersion = 10.0.40219.1
Project("{FAE04EC0-301F-11D3-BF4B-00C04F79EFBC}") = "AutomatedPeriodicallyBackup", "AutomatedPeriodicallyBackup\AutomatedPeriodicallyBackup.csproj", "{EDF62FE2-AAA6-401C-891E-8B9A0C1381E2}"
EndProject
Global
	GlobalSection(SolutionConfigurationPlatforms) = preSolution
		Debug|Any CPU = Debug|Any CPU
		Release|Any CPU = Release|Any CPU
	EndGlobalSection
	GlobalSection(ProjectConfigurationPlatforms) = postSolution
		{EDF62FE2-AAA6-401C-891E-8B9A0C1381E2}.Debug|Any CPU.ActiveCfg = Debug|Any CPU
		{EDF62FE2-AAA6-401C-891E-8B9A0C1381E2}.Debug|Any CPU.Build.0 = Debug|Any CPU
		{EDF62FE2-AAA6-401C-891E-8B9A0C1381E2}.Release|Any CPU.ActiveCfg = Release|Any CPU
		{EDF62FE2-AAA6-401C-891E-8B9A0C1381E2}.Release|Any CPU.Build.0 = Release|Any CPU
	EndGlobalSection
	GlobalSection(SolutionProperties) = preSolution
		HideSolutionNode = FALSE
	EndGlobalSection
	GlobalSection(ExtensibilityGlobals) = postSolution
		SolutionGuid = {445AF702-7470-49EB-AF39-F56F06AEBE76}
	EndGlobalSection
EndGlobal
